
Microsoft Visual Studio Solution File, Format Version 12.00
# Visual Studio 14
VisualStudioVersion = 14.0.25420.1
MinimumVisualStudioVersion = 10.0.40219.1
Project("{8BC9CEB8-8B4A-11D0-8D11-00A0C91BC942}") = "SampleTest", "RenderingEngine\RenderingEngine.vcxproj", "{6BD6244C-0029-47EB-BC11-206AD99C195D}"
	ProjectSection(ProjectDependencies) = postProject
		{D8A87B4E-295A-40B5-947F-C2DBF66AA3B5} = {D8A87B4E-295A-40B5-947F-C2DBF66AA3B5}
		{3BA32DD1-C276-4EAC-A668-B04B443321B6} = {3BA32DD1-C276-4EAC-A668-B04B443321B6}
	EndProjectSection
EndProject
Project("{8BC9CEB8-8B4A-11D0-8D11-00A0C91BC942}") = "RenderingCore", "RenderingLibrary\RenderingLibrary.vcxproj", "{3BA32DD1-C276-4EAC-A668-B04B443321B6}"
EndProject
Project("{8BC9CEB8-8B4A-11D0-8D11-00A0C91BC942}") = "RenderingExtensions", "RenderingExtensions\RenderingExtensions.vcxproj", "{D8A87B4E-295A-40B5-947F-C2DBF66AA3B5}"
EndProject
Project("{8BC9CEB8-8B4A-11D0-8D11-00A0C91BC942}") = "glfw", "GLFW\glfw-VS2015.vcxproj", "{71AF75A0-52B6-4C1B-8E56-CB31C6741A18}"
EndProject
Global
	GlobalSection(SolutionConfigurationPlatforms) = preSolution
		Debug|ARM = Debug|ARM
		Debug|x64 = Debug|x64
		Debug|x86 = Debug|x86
		DebugGLEW|ARM = DebugGLEW|ARM
		DebugGLEW|x64 = DebugGLEW|x64
		DebugGLEW|x86 = DebugGLEW|x86
		MinSizeRel|ARM = MinSizeRel|ARM
		MinSizeRel|x64 = MinSizeRel|x64
		MinSizeRel|x86 = MinSizeRel|x86
		Release|ARM = Release|ARM
		Release|x64 = Release|x64
		Release|x86 = Release|x86
		Release-debug|ARM = Release-debug|ARM
		Release-debug|x64 = Release-debug|x64
		Release-debug|x86 = Release-debug|x86
		ReleaseGLEW|ARM = ReleaseGLEW|ARM
		ReleaseGLEW|x64 = ReleaseGLEW|x64
		ReleaseGLEW|x86 = ReleaseGLEW|x86
		RelWithDebInfo|ARM = RelWithDebInfo|ARM
		RelWithDebInfo|x64 = RelWithDebInfo|x64
		RelWithDebInfo|x86 = RelWithDebInfo|x86
	EndGlobalSection
	GlobalSection(ProjectConfigurationPlatforms) = postSolution
		{6BD6244C-0029-47EB-BC11-206AD99C195D}.Debug|ARM.ActiveCfg = Debug|Win32
		{6BD6244C-0029-47EB-BC11-206AD99C195D}.Debug|x64.ActiveCfg = Debug|x64
		{6BD6244C-0029-47EB-BC11-206AD99C195D}.Debug|x64.Build.0 = Debug|x64
		{6BD6244C-0029-47EB-BC11-206AD99C195D}.Debug|x86.ActiveCfg = Debug|Win32
		{6BD6244C-0029-47EB-BC11-206AD99C195D}.Debug|x86.Build.0 = Debug|Win32
		{6BD6244C-0029-47EB-BC11-206AD99C195D}.DebugGLEW|ARM.ActiveCfg = DebugGLEW|Win32
		{6BD6244C-0029-47EB-BC11-206AD99C195D}.DebugGLEW|x64.ActiveCfg = DebugGLEW|x64
		{6BD6244C-0029-47EB-BC11-206AD99C195D}.DebugGLEW|x64.Build.0 = DebugGLEW|x64
		{6BD6244C-0029-47EB-BC11-206AD99C195D}.DebugGLEW|x86.ActiveCfg = DebugGLEW|Win32
		{6BD6244C-0029-47EB-BC11-206AD99C195D}.DebugGLEW|x86.Build.0 = DebugGLEW|Win32
		{6BD6244C-0029-47EB-BC11-206AD99C195D}.MinSizeRel|ARM.ActiveCfg = Release|Win32
		{6BD6244C-0029-47EB-BC11-206AD99C195D}.MinSizeRel|ARM.Build.0 = Release|Win32
		{6BD6244C-0029-47EB-BC11-206AD99C195D}.MinSizeRel|x64.ActiveCfg = Release|x64
		{6BD6244C-0029-47EB-BC11-206AD99C195D}.MinSizeRel|x64.Build.0 = Release|x64
		{6BD6244C-0029-47EB-BC11-206AD99C195D}.MinSizeRel|x86.ActiveCfg = Release|Win32
		{6BD6244C-0029-47EB-BC11-206AD99C195D}.MinSizeRel|x86.Build.0 = Release|Win32
		{6BD6244C-0029-47EB-BC11-206AD99C195D}.Release|ARM.ActiveCfg = Release|Win32
		{6BD6244C-0029-47EB-BC11-206AD99C195D}.Release|x64.ActiveCfg = Release|x64
		{6BD6244C-0029-47EB-BC11-206AD99C195D}.Release|x64.Build.0 = Release|x64
		{6BD6244C-0029-47EB-BC11-206AD99C195D}.Release|x86.ActiveCfg = Release|Win32
		{6BD6244C-0029-47EB-BC11-206AD99C195D}.Release|x86.Build.0 = Release|Win32
		{6BD6244C-0029-47EB-BC11-206AD99C195D}.Release-debug|ARM.ActiveCfg = ReleaseGLEW|x64
		{6BD6244C-0029-47EB-BC11-206AD99C195D}.Release-debug|ARM.Build.0 = ReleaseGLEW|x64
		{6BD6244C-0029-47EB-BC11-206AD99C195D}.Release-debug|x64.ActiveCfg = ReleaseGLEW|x64
		{6BD6244C-0029-47EB-BC11-206AD99C195D}.Release-debug|x64.Build.0 = ReleaseGLEW|x64
		{6BD6244C-0029-47EB-BC11-206AD99C195D}.Release-debug|x86.ActiveCfg = ReleaseGLEW|Win32
		{6BD6244C-0029-47EB-BC11-206AD99C195D}.Release-debug|x86.Build.0 = ReleaseGLEW|Win32
		{6BD6244C-0029-47EB-BC11-206AD99C195D}.ReleaseGLEW|ARM.ActiveCfg = ReleaseGLEW|Win32
		{6BD6244C-0029-47EB-BC11-206AD99C195D}.ReleaseGLEW|x64.ActiveCfg = ReleaseGLEW|x64
		{6BD6244C-0029-47EB-BC11-206AD99C195D}.ReleaseGLEW|x64.Build.0 = ReleaseGLEW|x64
		{6BD6244C-0029-47EB-BC11-206AD99C195D}.ReleaseGLEW|x86.ActiveCfg = ReleaseGLEW|Win32
		{6BD6244C-0029-47EB-BC11-206AD99C195D}.ReleaseGLEW|x86.Build.0 = ReleaseGLEW|Win32
		{6BD6244C-0029-47EB-BC11-206AD99C195D}.RelWithDebInfo|ARM.ActiveCfg = Release|Win32
		{6BD6244C-0029-47EB-BC11-206AD99C195D}.RelWithDebInfo|ARM.Build.0 = Release|Win32
		{6BD6244C-0029-47EB-BC11-206AD99C195D}.RelWithDebInfo|x64.ActiveCfg = Release|x64
		{6BD6244C-0029-47EB-BC11-206AD99C195D}.RelWithDebInfo|x64.Build.0 = Release|x64
		{6BD6244C-0029-47EB-BC11-206AD99C195D}.RelWithDebInfo|x86.ActiveCfg = Release|Win32
		{6BD6244C-0029-47EB-BC11-206AD99C195D}.RelWithDebInfo|x86.Build.0 = Release|Win32
		{3BA32DD1-C276-4EAC-A668-B04B443321B6}.Debug|ARM.ActiveCfg = Debug|Win32
		{3BA32DD1-C276-4EAC-A668-B04B443321B6}.Debug|x64.ActiveCfg = Debug|x64
		{3BA32DD1-C276-4EAC-A668-B04B443321B6}.Debug|x64.Build.0 = Debug|x64
		{3BA32DD1-C276-4EAC-A668-B04B443321B6}.Debug|x86.ActiveCfg = Debug|Win32
		{3BA32DD1-C276-4EAC-A668-B04B443321B6}.Debug|x86.Build.0 = Debug|Win32
		{3BA32DD1-C276-4EAC-A668-B04B443321B6}.DebugGLEW|ARM.ActiveCfg = DebugGLEW|Win32
		{3BA32DD1-C276-4EAC-A668-B04B443321B6}.DebugGLEW|x64.ActiveCfg = DebugGLEW|x64
		{3BA32DD1-C276-4EAC-A668-B04B443321B6}.DebugGLEW|x64.Build.0 = DebugGLEW|x64
		{3BA32DD1-C276-4EAC-A668-B04B443321B6}.DebugGLEW|x86.ActiveCfg = DebugGLEW|Win32
		{3BA32DD1-C276-4EAC-A668-B04B443321B6}.DebugGLEW|x86.Build.0 = DebugGLEW|Win32
		{3BA32DD1-C276-4EAC-A668-B04B443321B6}.MinSizeRel|ARM.ActiveCfg = Release|x64
		{3BA32DD1-C276-4EAC-A668-B04B443321B6}.MinSizeRel|ARM.Build.0 = Release|x64
		{3BA32DD1-C276-4EAC-A668-B04B443321B6}.MinSizeRel|x64.ActiveCfg = Release|x64
		{3BA32DD1-C276-4EAC-A668-B04B443321B6}.MinSizeRel|x64.Build.0 = Release|x64
		{3BA32DD1-C276-4EAC-A668-B04B443321B6}.MinSizeRel|x86.ActiveCfg = Release|Win32
		{3BA32DD1-C276-4EAC-A668-B04B443321B6}.MinSizeRel|x86.Build.0 = Release|Win32
		{3BA32DD1-C276-4EAC-A668-B04B443321B6}.Release|ARM.ActiveCfg = Release|Win32
		{3BA32DD1-C276-4EAC-A668-B04B443321B6}.Release|x64.ActiveCfg = Release|x64
		{3BA32DD1-C276-4EAC-A668-B04B443321B6}.Release|x64.Build.0 = Release|x64
		{3BA32DD1-C276-4EAC-A668-B04B443321B6}.Release|x86.ActiveCfg = Release|Win32
		{3BA32DD1-C276-4EAC-A668-B04B443321B6}.Release|x86.Build.0 = Release|Win32
		{3BA32DD1-C276-4EAC-A668-B04B443321B6}.Release-debug|ARM.ActiveCfg = ReleaseGLEW|x64
		{3BA32DD1-C276-4EAC-A668-B04B443321B6}.Release-debug|ARM.Build.0 = ReleaseGLEW|x64
		{3BA32DD1-C276-4EAC-A668-B04B443321B6}.Release-debug|x64.ActiveCfg = ReleaseGLEW|x64
		{3BA32DD1-C276-4EAC-A668-B04B443321B6}.Release-debug|x64.Build.0 = ReleaseGLEW|x64
		{3BA32DD1-C276-4EAC-A668-B04B443321B6}.Release-debug|x86.ActiveCfg = ReleaseGLEW|Win32
		{3BA32DD1-C276-4EAC-A668-B04B443321B6}.Release-debug|x86.Build.0 = ReleaseGLEW|Win32
		{3BA32DD1-C276-4EAC-A668-B04B443321B6}.ReleaseGLEW|ARM.ActiveCfg = ReleaseGLEW|Win32
		{3BA32DD1-C276-4EAC-A668-B04B443321B6}.ReleaseGLEW|x64.ActiveCfg = ReleaseGLEW|x64
		{3BA32DD1-C276-4EAC-A668-B04B443321B6}.ReleaseGLEW|x64.Build.0 = ReleaseGLEW|x64
		{3BA32DD1-C276-4EAC-A668-B04B443321B6}.ReleaseGLEW|x86.ActiveCfg = ReleaseGLEW|Win32
		{3BA32DD1-C276-4EAC-A668-B04B443321B6}.ReleaseGLEW|x86.Build.0 = ReleaseGLEW|Win32
		{3BA32DD1-C276-4EAC-A668-B04B443321B6}.RelWithDebInfo|ARM.ActiveCfg = Release|x64
		{3BA32DD1-C276-4EAC-A668-B04B443321B6}.RelWithDebInfo|ARM.Build.0 = Release|x64
		{3BA32DD1-C276-4EAC-A668-B04B443321B6}.RelWithDebInfo|x64.ActiveCfg = Release|x64
		{3BA32DD1-C276-4EAC-A668-B04B443321B6}.RelWithDebInfo|x64.Build.0 = Release|x64
		{3BA32DD1-C276-4EAC-A668-B04B443321B6}.RelWithDebInfo|x86.ActiveCfg = Release|Win32
		{3BA32DD1-C276-4EAC-A668-B04B443321B6}.RelWithDebInfo|x86.Build.0 = Release|Win32
		{D8A87B4E-295A-40B5-947F-C2DBF66AA3B5}.Debug|ARM.ActiveCfg = Debug|Win32
		{D8A87B4E-295A-40B5-947F-C2DBF66AA3B5}.Debug|x64.ActiveCfg = Debug|x64
		{D8A87B4E-295A-40B5-947F-C2DBF66AA3B5}.Debug|x64.Build.0 = Debug|x64
		{D8A87B4E-295A-40B5-947F-C2DBF66AA3B5}.Debug|x86.ActiveCfg = Debug|Win32
		{D8A87B4E-295A-40B5-947F-C2DBF66AA3B5}.Debug|x86.Build.0 = Debug|Win32
		{D8A87B4E-295A-40B5-947F-C2DBF66AA3B5}.DebugGLEW|ARM.ActiveCfg = DebugGLEW|Win32
		{D8A87B4E-295A-40B5-947F-C2DBF66AA3B5}.DebugGLEW|x64.ActiveCfg = DebugGLEW|x64
		{D8A87B4E-295A-40B5-947F-C2DBF66AA3B5}.DebugGLEW|x64.Build.0 = DebugGLEW|x64
		{D8A87B4E-295A-40B5-947F-C2DBF66AA3B5}.DebugGLEW|x86.ActiveCfg = DebugGLEW|Win32
		{D8A87B4E-295A-40B5-947F-C2DBF66AA3B5}.DebugGLEW|x86.Build.0 = DebugGLEW|Win32
		{D8A87B4E-295A-40B5-947F-C2DBF66AA3B5}.MinSizeRel|ARM.ActiveCfg = Release|x64
		{D8A87B4E-295A-40B5-947F-C2DBF66AA3B5}.MinSizeRel|ARM.Build.0 = Release|x64
		{D8A87B4E-295A-40B5-947F-C2DBF66AA3B5}.MinSizeRel|x64.ActiveCfg = Release|x64
		{D8A87B4E-295A-40B5-947F-C2DBF66AA3B5}.MinSizeRel|x64.Build.0 = Release|x64
		{D8A87B4E-295A-40B5-947F-C2DBF66AA3B5}.MinSizeRel|x86.ActiveCfg = Release|Win32
		{D8A87B4E-295A-40B5-947F-C2DBF66AA3B5}.MinSizeRel|x86.Build.0 = Release|Win32
		{D8A87B4E-295A-40B5-947F-C2DBF66AA3B5}.Release|ARM.ActiveCfg = Release|Win32
		{D8A87B4E-295A-40B5-947F-C2DBF66AA3B5}.Release|x64.ActiveCfg = Release|x64
		{D8A87B4E-295A-40B5-947F-C2DBF66AA3B5}.Release|x64.Build.0 = Release|x64
		{D8A87B4E-295A-40B5-947F-C2DBF66AA3B5}.Release|x86.ActiveCfg = Release|Win32
		{D8A87B4E-295A-40B5-947F-C2DBF66AA3B5}.Release|x86.Build.0 = Release|Win32
		{D8A87B4E-295A-40B5-947F-C2DBF66AA3B5}.Release-debug|ARM.ActiveCfg = ReleaseGLEW|x64
		{D8A87B4E-295A-40B5-947F-C2DBF66AA3B5}.Release-debug|ARM.Build.0 = ReleaseGLEW|x64
		{D8A87B4E-295A-40B5-947F-C2DBF66AA3B5}.Release-debug|x64.ActiveCfg = ReleaseGLEW|x64
		{D8A87B4E-295A-40B5-947F-C2DBF66AA3B5}.Release-debug|x64.Build.0 = ReleaseGLEW|x64
		{D8A87B4E-295A-40B5-947F-C2DBF66AA3B5}.Release-debug|x86.ActiveCfg = ReleaseGLEW|Win32
		{D8A87B4E-295A-40B5-947F-C2DBF66AA3B5}.Release-debug|x86.Build.0 = ReleaseGLEW|Win32
		{D8A87B4E-295A-40B5-947F-C2DBF66AA3B5}.ReleaseGLEW|ARM.ActiveCfg = ReleaseGLEW|Win32
		{D8A87B4E-295A-40B5-947F-C2DBF66AA3B5}.ReleaseGLEW|x64.ActiveCfg = ReleaseGLEW|x64
		{D8A87B4E-295A-40B5-947F-C2DBF66AA3B5}.ReleaseGLEW|x64.Build.0 = ReleaseGLEW|x64
		{D8A87B4E-295A-40B5-947F-C2DBF66AA3B5}.ReleaseGLEW|x86.ActiveCfg = ReleaseGLEW|Win32
		{D8A87B4E-295A-40B5-947F-C2DBF66AA3B5}.ReleaseGLEW|x86.Build.0 = ReleaseGLEW|Win32
		{D8A87B4E-295A-40B5-947F-C2DBF66AA3B5}.RelWithDebInfo|ARM.ActiveCfg = Release|x64
		{D8A87B4E-295A-40B5-947F-C2DBF66AA3B5}.RelWithDebInfo|ARM.Build.0 = Release|x64
		{D8A87B4E-295A-40B5-947F-C2DBF66AA3B5}.RelWithDebInfo|x64.ActiveCfg = Release|x64
		{D8A87B4E-295A-40B5-947F-C2DBF66AA3B5}.RelWithDebInfo|x64.Build.0 = Release|x64
		{D8A87B4E-295A-40B5-947F-C2DBF66AA3B5}.RelWithDebInfo|x86.ActiveCfg = Release|Win32
		{D8A87B4E-295A-40B5-947F-C2DBF66AA3B5}.RelWithDebInfo|x86.Build.0 = Release|Win32
		{71AF75A0-52B6-4C1B-8E56-CB31C6741A18}.Debug|ARM.ActiveCfg = Debug|Win32
		{71AF75A0-52B6-4C1B-8E56-CB31C6741A18}.Debug|x64.ActiveCfg = Debug|x64
		{71AF75A0-52B6-4C1B-8E56-CB31C6741A18}.Debug|x64.Build.0 = Debug|x64
		{71AF75A0-52B6-4C1B-8E56-CB31C6741A18}.Debug|x86.ActiveCfg = Debug|Win32
		{71AF75A0-52B6-4C1B-8E56-CB31C6741A18}.Debug|x86.Build.0 = Debug|Win32
		{71AF75A0-52B6-4C1B-8E56-CB31C6741A18}.DebugGLEW|ARM.ActiveCfg = Release-debug|Win32
		{71AF75A0-52B6-4C1B-8E56-CB31C6741A18}.DebugGLEW|ARM.Build.0 = Release-debug|Win32
		{71AF75A0-52B6-4C1B-8E56-CB31C6741A18}.DebugGLEW|x64.ActiveCfg = Debug|x64
		{71AF75A0-52B6-4C1B-8E56-CB31C6741A18}.DebugGLEW|x64.Build.0 = Debug|x64
		{71AF75A0-52B6-4C1B-8E56-CB31C6741A18}.DebugGLEW|x86.ActiveCfg = DebugGLEW|Win32
		{71AF75A0-52B6-4C1B-8E56-CB31C6741A18}.DebugGLEW|x86.Build.0 = DebugGLEW|Win32
		{71AF75A0-52B6-4C1B-8E56-CB31C6741A18}.MinSizeRel|ARM.ActiveCfg = Release-debug|Win32
		{71AF75A0-52B6-4C1B-8E56-CB31C6741A18}.MinSizeRel|ARM.Build.0 = Release-debug|Win32
		{71AF75A0-52B6-4C1B-8E56-CB31C6741A18}.MinSizeRel|x64.ActiveCfg = Release|x64
		{71AF75A0-52B6-4C1B-8E56-CB31C6741A18}.MinSizeRel|x64.Build.0 = Release|x64
		{71AF75A0-52B6-4C1B-8E56-CB31C6741A18}.MinSizeRel|x86.ActiveCfg = Release-debug|Win32
		{71AF75A0-52B6-4C1B-8E56-CB31C6741A18}.MinSizeRel|x86.Build.0 = Release-debug|Win32
		{71AF75A0-52B6-4C1B-8E56-CB31C6741A18}.Release|ARM.ActiveCfg = Release|Win32
		{71AF75A0-52B6-4C1B-8E56-CB31C6741A18}.Release|x64.ActiveCfg = Release|x64
		{71AF75A0-52B6-4C1B-8E56-CB31C6741A18}.Release|x64.Build.0 = Release|x64
		{71AF75A0-52B6-4C1B-8E56-CB31C6741A18}.Release|x86.ActiveCfg = Release|Win32
		{71AF75A0-52B6-4C1B-8E56-CB31C6741A18}.Release|x86.Build.0 = Release|Win32
		{71AF75A0-52B6-4C1B-8E56-CB31C6741A18}.Release-debug|ARM.ActiveCfg = Release-debug|Win32
		{71AF75A0-52B6-4C1B-8E56-CB31C6741A18}.Release-debug|x64.ActiveCfg = Release-debug|x64
		{71AF75A0-52B6-4C1B-8E56-CB31C6741A18}.Release-debug|x64.Build.0 = Release-debug|x64
		{71AF75A0-52B6-4C1B-8E56-CB31C6741A18}.Release-debug|x86.ActiveCfg = Release-debug|Win32
		{71AF75A0-52B6-4C1B-8E56-CB31C6741A18}.Release-debug|x86.Build.0 = Release-debug|Win32
		{71AF75A0-52B6-4C1B-8E56-CB31C6741A18}.ReleaseGLEW|ARM.ActiveCfg = Release-debug|Win32
		{71AF75A0-52B6-4C1B-8E56-CB31C6741A18}.ReleaseGLEW|ARM.Build.0 = Release-debug|Win32
		{71AF75A0-52B6-4C1B-8E56-CB31C6741A18}.ReleaseGLEW|x64.ActiveCfg = Release|x64
		{71AF75A0-52B6-4C1B-8E56-CB31C6741A18}.ReleaseGLEW|x64.Build.0 = Release|x64
		{71AF75A0-52B6-4C1B-8E56-CB31C6741A18}.ReleaseGLEW|x86.ActiveCfg = ReleaseGLEW|Win32
		{71AF75A0-52B6-4C1B-8E56-CB31C6741A18}.ReleaseGLEW|x86.Build.0 = ReleaseGLEW|Win32
		{71AF75A0-52B6-4C1B-8E56-CB31C6741A18}.RelWithDebInfo|ARM.ActiveCfg = Release-debug|Win32
		{71AF75A0-52B6-4C1B-8E56-CB31C6741A18}.RelWithDebInfo|ARM.Build.0 = Release-debug|Win32
		{71AF75A0-52B6-4C1B-8E56-CB31C6741A18}.RelWithDebInfo|x64.ActiveCfg = Release|x64
		{71AF75A0-52B6-4C1B-8E56-CB31C6741A18}.RelWithDebInfo|x64.Build.0 = Release|x64
		{71AF75A0-52B6-4C1B-8E56-CB31C6741A18}.RelWithDebInfo|x86.ActiveCfg = Release-debug|Win32
		{71AF75A0-52B6-4C1B-8E56-CB31C6741A18}.RelWithDebInfo|x86.Build.0 = Release-debug|Win32
	EndGlobalSection
	GlobalSection(SolutionProperties) = preSolution
		HideSolutionNode = FALSE
	EndGlobalSection
EndGlobal
